// !$*UTF8*$!
{
	archiveVersion = 1;
	classes = {
	};
	objectVersion = 46;
	objects = {

/* Begin PBXBuildFile section */
		145B22EB1CD5460B00FC85A3 /* AppDelegate.swift in Sources */ = {isa = PBXBuildFile; fileRef = 145B22EA1CD5460B00FC85A3 /* AppDelegate.swift */; };
		145B22ED1CD5460B00FC85A3 /* ViewController.swift in Sources */ = {isa = PBXBuildFile; fileRef = 145B22EC1CD5460B00FC85A3 /* ViewController.swift */; };
		145B22F01CD5460B00FC85A3 /* Main.storyboard in Resources */ = {isa = PBXBuildFile; fileRef = 145B22EE1CD5460B00FC85A3 /* Main.storyboard */; };
		145B22F21CD5460B00FC85A3 /* Assets.xcassets in Resources */ = {isa = PBXBuildFile; fileRef = 145B22F11CD5460B00FC85A3 /* Assets.xcassets */; };
		145B22F51CD5460B00FC85A3 /* LaunchScreen.storyboard in Resources */ = {isa = PBXBuildFile; fileRef = 145B22F31CD5460B00FC85A3 /* LaunchScreen.storyboard */; };
		145B22FD1CD5464300FC85A3 /* APIController.swift in Sources */ = {isa = PBXBuildFile; fileRef = 145B22FC1CD5464300FC85A3 /* APIController.swift */; };
		145B22FF1CD5464E00FC85A3 /* Movie.swift in Sources */ = {isa = PBXBuildFile; fileRef = 145B22FE1CD5464E00FC85A3 /* Movie.swift */; };
		145B23011CD5468200FC85A3 /* MovieDetailViewController.swift in Sources */ = {isa = PBXBuildFile; fileRef = 145B23001CD5468200FC85A3 /* MovieDetailViewController.swift */; };
		145B23031CD5469700FC85A3 /* MovieTableViewCell.swift in Sources */ = {isa = PBXBuildFile; fileRef = 145B23021CD5469700FC85A3 /* MovieTableViewCell.swift */; };
		145B23051CD546E000FC85A3 /* Config.swift in Sources */ = {isa = PBXBuildFile; fileRef = 145B23041CD546E000FC85A3 /* Config.swift */; };
		145B230B1CD54F2100FC85A3 /* MovieTableViewController.swift in Sources */ = {isa = PBXBuildFile; fileRef = 145B230A1CD54F2100FC85A3 /* MovieTableViewController.swift */; };
/* End PBXBuildFile section */

/* Begin PBXFileReference section */
		145B22E71CD5460B00FC85A3 /* movieDBApp.app */ = {isa = PBXFileReference; explicitFileType = wrapper.application; includeInIndex = 0; path = movieDBApp.app; sourceTree = BUILT_PRODUCTS_DIR; };
		145B22EA1CD5460B00FC85A3 /* AppDelegate.swift */ = {isa = PBXFileReference; lastKnownFileType = sourcecode.swift; path = AppDelegate.swift; sourceTree = "<group>"; };
		145B22EC1CD5460B00FC85A3 /* ViewController.swift */ = {isa = PBXFileReference; lastKnownFileType = sourcecode.swift; path = ViewController.swift; sourceTree = "<group>"; };
		145B22EF1CD5460B00FC85A3 /* Base */ = {isa = PBXFileReference; lastKnownFileType = file.storyboard; name = Base; path = Base.lproj/Main.storyboard; sourceTree = "<group>"; };
		145B22F11CD5460B00FC85A3 /* Assets.xcassets */ = {isa = PBXFileReference; lastKnownFileType = folder.assetcatalog; path = Assets.xcassets; sourceTree = "<group>"; };
		145B22F41CD5460B00FC85A3 /* Base */ = {isa = PBXFileReference; lastKnownFileType = file.storyboard; name = Base; path = Base.lproj/LaunchScreen.storyboard; sourceTree = "<group>"; };
		145B22F61CD5460B00FC85A3 /* Info.plist */ = {isa = PBXFileReference; lastKnownFileType = text.plist.xml; path = Info.plist; sourceTree = "<group>"; };
		145B22FC1CD5464300FC85A3 /* APIController.swift */ = {isa = PBXFileReference; fileEncoding = 4; lastKnownFileType = sourcecode.swift; path = APIController.swift; sourceTree = "<group>"; };
		145B22FE1CD5464E00FC85A3 /* Movie.swift */ = {isa = PBXFileReference; fileEncoding = 4; lastKnownFileType = sourcecode.swift; path = Movie.swift; sourceTree = "<group>"; };
		145B23001CD5468200FC85A3 /* MovieDetailViewController.swift */ = {isa = PBXFileReference; fileEncoding = 4; lastKnownFileType = sourcecode.swift; path = MovieDetailViewController.swift; sourceTree = "<group>"; };
		145B23021CD5469700FC85A3 /* MovieTableViewCell.swift */ = {isa = PBXFileReference; fileEncoding = 4; lastKnownFileType = sourcecode.swift; path = MovieTableViewCell.swift; sourceTree = "<group>"; };
		145B23041CD546E000FC85A3 /* Config.swift */ = {isa = PBXFileReference; fileEncoding = 4; lastKnownFileType = sourcecode.swift; path = Config.swift; sourceTree = "<group>"; };
		145B230A1CD54F2100FC85A3 /* MovieTableViewController.swift */ = {isa = PBXFileReference; fileEncoding = 4; lastKnownFileType = sourcecode.swift; path = MovieTableViewController.swift; sourceTree = "<group>"; };
/* End PBXFileReference section */

/* Begin PBXFrameworksBuildPhase section */
		145B22E41CD5460B00FC85A3 /* Frameworks */ = {
			isa = PBXFrameworksBuildPhase;
			buildActionMask = 2147483647;
			files = (
			);
			runOnlyForDeploymentPostprocessing = 0;
		};
/* End PBXFrameworksBuildPhase section */

/* Begin PBXGroup section */
		145B22DE1CD5460B00FC85A3 = {
			isa = PBXGroup;
			children = (
				145B22E91CD5460B00FC85A3 /* movieDBApp */,
				145B22E81CD5460B00FC85A3 /* Products */,
			);
			sourceTree = "<group>";
		};
		145B22E81CD5460B00FC85A3 /* Products */ = {
			isa = PBXGroup;
			children = (
				145B22E71CD5460B00FC85A3 /* movieDBApp.app */,
			);
			name = Products;
			sourceTree = "<group>";
		};
		145B22E91CD5460B00FC85A3 /* movieDBApp */ = {
			isa = PBXGroup;
			children = (
				145B22EA1CD5460B00FC85A3 /* AppDelegate.swift */,
				145B23041CD546E000FC85A3 /* Config.swift */,
				145B23071CD54DDD00FC85A3 /* Models */,
				145B23061CD54DD000FC85A3 /* View Controllers */,
				145B23081CD54DE400FC85A3 /* Views */,
				145B23091CD54DEC00FC85A3 /* Controllers */,
				145B22F11CD5460B00FC85A3 /* Assets.xcassets */,
				145B22EE1CD5460B00FC85A3 /* Main.storyboard */,
				145B22F31CD5460B00FC85A3 /* LaunchScreen.storyboard */,
				145B22F61CD5460B00FC85A3 /* Info.plist */,
			);
			path = movieDBApp;
			sourceTree = "<group>";
		};
		145B23061CD54DD000FC85A3 /* View Controllers */ = {
			isa = PBXGroup;
			children = (
				145B22EC1CD5460B00FC85A3 /* ViewController.swift */,
				145B230A1CD54F2100FC85A3 /* MovieTableViewController.swift */,
				145B23001CD5468200FC85A3 /* MovieDetailViewController.swift */,
			);
			name = "View Controllers";
			sourceTree = "<group>";
		};
		145B23071CD54DDD00FC85A3 /* Models */ = {
			isa = PBXGroup;
			children = (
				145B22FE1CD5464E00FC85A3 /* Movie.swift */,
			);
			name = Models;
			sourceTree = "<group>";
		};
		145B23081CD54DE400FC85A3 /* Views */ = {
			isa = PBXGroup;
			children = (
				145B23021CD5469700FC85A3 /* MovieTableViewCell.swift */,
			);
			name = Views;
			sourceTree = "<group>";
		};
		145B23091CD54DEC00FC85A3 /* Controllers */ = {
			isa = PBXGroup;
			children = (
				145B22FC1CD5464300FC85A3 /* APIController.swift */,
			);
			name = Controllers;
			sourceTree = "<group>";
		};
/* End PBXGroup section */

/* Begin PBXNativeTarget section */
		145B22E61CD5460B00FC85A3 /* movieDBApp */ = {
			isa = PBXNativeTarget;
			buildConfigurationList = 145B22F91CD5460B00FC85A3 /* Build configuration list for PBXNativeTarget "movieDBApp" */;
			buildPhases = (
				145B22E31CD5460B00FC85A3 /* Sources */,
				145B22E41CD5460B00FC85A3 /* Frameworks */,
				145B22E51CD5460B00FC85A3 /* Resources */,
			);
			buildRules = (
			);
			dependencies = (
			);
			name = movieDBApp;
			productName = movieDBApp;
			productReference = 145B22E71CD5460B00FC85A3 /* movieDBApp.app */;
			productType = "com.apple.product-type.application";
		};
/* End PBXNativeTarget section */

/* Begin PBXProject section */
		145B22DF1CD5460B00FC85A3 /* Project object */ = {
			isa = PBXProject;
			attributes = {
				LastSwiftUpdateCheck = 0730;
				LastUpgradeCheck = 0730;
				ORGANIZATIONNAME = "Sean Calkins";
				TargetAttributes = {
					145B22E61CD5460B00FC85A3 = {
						CreatedOnToolsVersion = 7.3;
					};
				};
			};
			buildConfigurationList = 145B22E21CD5460B00FC85A3 /* Build configuration list for PBXProject "movieDBApp" */;
			compatibilityVersion = "Xcode 3.2";
			developmentRegion = English;
			hasScannedForEncodings = 0;
			knownRegions = (
				en,
				Base,
			);
			mainGroup = 145B22DE1CD5460B00FC85A3;
			productRefGroup = 145B22E81CD5460B00FC85A3 /* Products */;
			projectDirPath = "";
			projectRoot = "";
			targets = (
				145B22E61CD5460B00FC85A3 /* movieDBApp */,
			);
		};
/* End PBXProject section */

/* Begin PBXResourcesBuildPhase section */
		145B22E51CD5460B00FC85A3 /* Resources */ = {
			isa = PBXResourcesBuildPhase;
			buildActionMask = 2147483647;
			files = (
				145B22F51CD5460B00FC85A3 /* LaunchScreen.storyboard in Resources */,
				145B22F21CD5460B00FC85A3 /* Assets.xcassets in Resources */,
				145B22F01CD5460B00FC85A3 /* Main.storyboard in Resources */,
			);
			runOnlyForDeploymentPostprocessing = 0;
		};
/* End PBXResourcesBuildPhase section */

/* Begin PBXSourcesBuildPhase section */
		145B22E31CD5460B00FC85A3 /* Sources */ = {
			isa = PBXSourcesBuildPhase;
			buildActionMask = 2147483647;
			files = (
				145B230B1CD54F2100FC85A3 /* MovieTableViewController.swift in Sources */,
				145B22ED1CD5460B00FC85A3 /* ViewController.swift in Sources */,
				145B23011CD5468200FC85A3 /* MovieDetailViewController.swift in Sources */,
				145B23031CD5469700FC85A3 /* MovieTableViewCell.swift in Sources */,
				145B23051CD546E000FC85A3 /* Config.swift in Sources */,
				145B22EB1CD5460B00FC85A3 /* AppDelegate.swift in Sources */,
				145B22FF1CD5464E00FC85A3 /* Movie.swift in Sources */,
				145B22FD1CD5464300FC85A3 /* APIController.swift in Sources */,
			);
			runOnlyForDeploymentPostprocessing = 0;
		};
/* End PBXSourcesBuildPhase section */

/* Begin PBXVariantGroup section */
		145B22EE1CD5460B00FC85A3 /* Main.storyboard */ = {
			isa = PBXVariantGroup;
			children = (
				145B22EF1CD5460B00FC85A3 /* Base */,
			);
			name = Main.storyboard;
			sourceTree = "<group>";
		};
		145B22F31CD5460B00FC85A3 /* LaunchScreen.storyboard */ = {
			isa = PBXVariantGroup;
			children = (
				145B22F41CD5460B00FC85A3 /* Base */,
			);
			name = LaunchScreen.storyboard;
			sourceTree = "<group>";
		};
/* End PBXVariantGroup section */

/* Begin XCBuildConfiguration section */
		145B22F71CD5460B00FC85A3 /* Debug */ = {
			isa = XCBuildConfiguration;
			buildSettings = {
				ALWAYS_SEARCH_USER_PATHS = NO;
				CLANG_ANALYZER_NONNULL = YES;
				CLANG_CXX_LANGUAGE_STANDARD = "gnu++0x";
				CLANG_CXX_LIBRARY = "libc++";
				CLANG_ENABLE_MODULES = YES;
				CLANG_ENABLE_OBJC_ARC = YES;
				CLANG_WARN_BOOL_CONVERSION = YES;
				CLANG_WARN_CONSTANT_CONVERSION = YES;
				CLANG_WARN_DIRECT_OBJC_ISA_USAGE = YES_ERROR;
				CLANG_WARN_EMPTY_BODY = YES;
				CLANG_WARN_ENUM_CONVERSION = YES;
				CLANG_WARN_INT_CONVERSION = YES;
				CLANG_WARN_OBJC_ROOT_CLASS = YES_ERROR;
				CLANG_WARN_UNREACHABLE_CODE = YES;
				CLANG_WARN__DUPLICATE_METHOD_MATCH = YES;
				"CODE_SIGN_IDENTITY[sdk=iphoneos*]" = "iPhone Developer";
				COPY_PHASE_STRIP = NO;
				DEBUG_INFORMATION_FORMAT = dwarf;
				ENABLE_STRICT_OBJC_MSGSEND = YES;
				ENABLE_TESTABILITY = YES;
				GCC_C_LANGUAGE_STANDARD = gnu99;
				GCC_DYNAMIC_NO_PIC = NO;
				GCC_NO_COMMON_BLOCKS = YES;
				GCC_OPTIMIZATION_LEVEL = 0;
				GCC_PREPROCESSOR_DEFINITIONS = (
					"DEBUG=1",
					"$(inherited)",
				);
				GCC_WARN_64_TO_32_BIT_CONVERSION = YES;
				GCC_WARN_ABOUT_RETURN_TYPE = YES_ERROR;
				GCC_WARN_UNDECLARED_SELECTOR = YES;
				GCC_WARN_UNINITIALIZED_AUTOS = YES_AGGRESSIVE;
				GCC_WARN_UNUSED_FUNCTION = YES;
				GCC_WARN_UNUSED_VARIABLE = YES;
				IPHONEOS_DEPLOYMENT_TARGET = 9.3;
				MTL_ENABLE_DEBUG_INFO = YES;
				ONLY_ACTIVE_ARCH = YES;
				SDKROOT = iphoneos;
				SWIFT_OPTIMIZATION_LEVEL = "-Onone";
			};
			name = Debug;
		};
		145B22F81CD5460B00FC85A3 /* Release */ = {
			isa = XCBuildConfiguration;
			buildSettings = {
				ALWAYS_SEARCH_USER_PATHS = NO;
				CLANG_ANALYZER_NONNULL = YES;
				CLANG_CXX_LANGUAGE_STANDARD = "gnu++0x";
				CLANG_CXX_LIBRARY = "libc++";
				CLANG_ENABLE_MODULES = YES;
				CLANG_ENABLE_OBJC_ARC = YES;
				CLANG_WARN_BOOL_CONVERSION = YES;
				CLANG_WARN_CONSTANT_CONVERSION = YES;
				CLANG_WARN_DIRECT_OBJC_ISA_USAGE = YES_ERROR;
				CLANG_WARN_EMPTY_BODY = YES;
				CLANG_WARN_ENUM_CONVERSION = YES;
				CLANG_WARN_INT_CONVERSION = YES;
				CLANG_WARN_OBJC_ROOT_CLASS = YES_ERROR;
				CLANG_WARN_UNREACHABLE_CODE = YES;
				CLANG_WARN__DUPLICATE_METHOD_MATCH = YES;
				"CODE_SIGN_IDENTITY[sdk=iphoneos*]" = "iPhone Developer";
				COPY_PHASE_STRIP = NO;
				DEBUG_INFORMATION_FORMAT = "dwarf-with-dsym";
				ENABLE_NS_ASSERTIONS = NO;
				ENABLE_STRICT_OBJC_MSGSEND = YES;
				GCC_C_LANGUAGE_STANDARD = gnu99;
				GCC_NO_COMMON_BLOCKS = YES;
				GCC_WARN_64_TO_32_BIT_CONVERSION = YES;
				GCC_WARN_ABOUT_RETURN_TYPE = YES_ERROR;
				GCC_WARN_UNDECLARED_SELECTOR = YES;
				GCC_WARN_UNINITIALIZED_AUTOS = YES_AGGRESSIVE;
				GCC_WARN_UNUSED_FUNCTION = YES;
				GCC_WARN_UNUSED_VARIABLE = YES;
				IPHONEOS_DEPLOYMENT_TARGET = 9.3;
				MTL_ENABLE_DEBUG_INFO = NO;
				SDKROOT = iphoneos;
				VALIDATE_PRODUCT = YES;
			};
			name = Release;
		};
		145B22FA1CD5460B00FC85A3 /* Debug */ = {
			isa = XCBuildConfiguration;
			buildSettings = {
				ASSETCATALOG_COMPILER_APPICON_NAME = AppIcon;
				INFOPLIST_FILE = movieDBApp/Info.plist;
				LD_RUNPATH_SEARCH_PATHS = "$(inherited) @executable_path/Frameworks";
				PRODUCT_BUNDLE_IDENTIFIER = com.SeanCalkins.movieDBApp;
				PRODUCT_NAME = "$(TARGET_NAME)";
			};
			name = Debug;
		};
		145B22FB1CD5460B00FC85A3 /* Release */ = {
			isa = XCBuildConfiguration;
			buildSettings = {
				ASSETCATALOG_COMPILER_APPICON_NAME = AppIcon;
				INFOPLIST_FILE = movieDBApp/Info.plist;
				LD_RUNPATH_SEARCH_PATHS = "$(inherited) @executable_path/Frameworks";
				PRODUCT_BUNDLE_IDENTIFIER = com.SeanCalkins.movieDBApp;
				PRODUCT_NAME = "$(TARGET_NAME)";
			};
			name = Release;
		};
/* End XCBuildConfiguration section */

/* Begin XCConfigurationList section */
		145B22E21CD5460B00FC85A3 /* Build configuration list for PBXProject "movieDBApp" */ = {
			isa = XCConfigurationList;
			buildConfigurations = (
				145B22F71CD5460B00FC85A3 /* Debug */,
				145B22F81CD5460B00FC85A3 /* Release */,
			);
			defaultConfigurationIsVisible = 0;
			defaultConfigurationName = Release;
		};
		145B22F91CD5460B00FC85A3 /* Build configuration list for PBXNativeTarget "movieDBApp" */ = {
			isa = XCConfigurationList;
			buildConfigurations = (
				145B22FA1CD5460B00FC85A3 /* Debug */,
				145B22FB1CD5460B00FC85A3 /* Release */,
			);
			defaultConfigurationIsVisible = 0;
		};
/* End XCConfigurationList section */
	};
	rootObject = 145B22DF1CD5460B00FC85A3 /* Project object */;
}
